{
  "projects": [
    {
      "projectId": "58GpZjZCWTaJ8AUhpCwt2K",
      "version": "3.34.0",
      "dependencies": {},
      "lang": "ts",
      "fileLocks": [
        {
          "assetId": "58GpZjZCWTaJ8AUhpCwt2K",
          "type": "projectCss",
          "checksum": "d6a3b1c76c10d347b435bd78a56a821e"
        },
        {
          "assetId": "58GpZjZCWTaJ8AUhpCwt2K",
          "checksum": "ba5a227fa7f7d5c086cc9a3f0cebe732",
          "type": "projectModule"
        },
        {
          "assetId": "58GpZjZCWTaJ8AUhpCwt2K",
          "checksum": "99d0e572c66e6ee763338215e010207b",
          "type": "styleTokensProvider"
        }
      ],
      "codegenVersion": "0.0.2"
    },
    {
      "projectId": "gmeH6XgPaBtkt51HunAo4g",
      "version": "18.29.0",
      "dependencies": {},
      "lang": "ts",
      "fileLocks": [
        {
          "assetId": "gmeH6XgPaBtkt51HunAo4g",
          "type": "projectCss",
          "checksum": "56a5d447501c0753e4cf451641894e78"
        },
        {
          "assetId": "gmeH6XgPaBtkt51HunAo4g",
          "checksum": "b257914c183ee7b8f06149f466106930",
          "type": "projectModule"
        },
        {
          "assetId": "gmeH6XgPaBtkt51HunAo4g",
          "checksum": "4b5f09b218e05c2944d99d725c0d2de2",
          "type": "styleTokensProvider"
        }
      ],
      "codegenVersion": "0.0.2"
    },
    {
      "projectId": "jkU633o1Cz7HrJdwdxhVHk",
      "version": "16.19.0",
      "dependencies": {},
      "lang": "ts",
      "fileLocks": [
        {
          "assetId": "jkU633o1Cz7HrJdwdxhVHk",
          "type": "projectCss",
          "checksum": "3c7aa3d1871faaf490e3efe4f4d94f73"
        },
        {
          "assetId": "jkU633o1Cz7HrJdwdxhVHk",
          "checksum": "320a7a2228b83755d4ac8d326d058d87",
          "type": "projectModule"
        },
        {
          "assetId": "jkU633o1Cz7HrJdwdxhVHk",
          "checksum": "2f1d81608b4122664840bb222376cde9",
          "type": "styleTokensProvider"
        }
      ],
      "codegenVersion": "0.0.2"
    },
    {
      "projectId": "ohDidvG9XsCeFumugENU3J",
      "version": "6.35.0",
      "dependencies": {},
      "lang": "ts",
      "fileLocks": [
        {
          "assetId": "ohDidvG9XsCeFumugENU3J",
          "type": "projectCss",
          "checksum": "c33cca495b4f537180cbc434c3f872b9"
        },
        {
          "assetId": "ohDidvG9XsCeFumugENU3J",
          "checksum": "f35a7050af9ad27b5adac4d101d88037",
          "type": "globalContexts"
        },
        {
          "assetId": "ohDidvG9XsCeFumugENU3J",
          "checksum": "c425737058d1ac29382a23e54666cb69",
          "type": "projectModule"
        },
        {
          "assetId": "ohDidvG9XsCeFumugENU3J",
          "checksum": "39f2bd024eac89b20b4a8ed8ef628efd",
          "type": "styleTokensProvider"
        }
      ],
      "codegenVersion": "0.0.2"
    },
    {
      "projectId": "8PtdGodUbexNYgkuyBUcWu",
      "version": "3.33.0",
      "dependencies": {},
      "lang": "ts",
      "fileLocks": [
        {
          "assetId": "8PtdGodUbexNYgkuyBUcWu",
          "type": "projectCss",
          "checksum": "d0036c38cf1abb3618c71ab68a296b2b"
        },
        {
          "assetId": "8PtdGodUbexNYgkuyBUcWu",
          "checksum": "c34deae3be4116372b8f09a576ea3a01",
          "type": "globalContexts"
        },
        {
          "assetId": "8PtdGodUbexNYgkuyBUcWu",
          "checksum": "23e35f9a7b22b3e265a5e7ef8ec77a00",
          "type": "projectModule"
        },
        {
          "assetId": "8PtdGodUbexNYgkuyBUcWu",
          "checksum": "e3a9e005a65ce098f4654b561c427772",
          "type": "styleTokensProvider"
        }
      ],
      "codegenVersion": "0.0.2"
    },
    {
      "projectId": "qARqpE4p5tZmJuNxFbTaPz",
      "version": "latest",
      "dependencies": {
        "8PtdGodUbexNYgkuyBUcWu": "3.33.0",
        "ohDidvG9XsCeFumugENU3J": "6.35.0",
        "jkU633o1Cz7HrJdwdxhVHk": "16.19.0",
        "gmeH6XgPaBtkt51HunAo4g": "18.29.0",
        "58GpZjZCWTaJ8AUhpCwt2K": "3.34.0",
        "caTPwKxj5ZrD9LQ7DMdK4Z": "3.48.0"
      },
      "lang": "ts",
      "fileLocks": [
        {
          "type": "globalVariant",
          "assetId": "tFdSZKUAGB1N",
          "checksum": "713acab22854d3689c9acb11df157a4d"
        },
        {
          "assetId": "qARqpE4p5tZmJuNxFbTaPz",
          "checksum": "d1d95af92e26a4511aeab336296c6fce",
          "type": "globalContexts"
        },
        {
          "assetId": "qARqpE4p5tZmJuNxFbTaPz",
          "checksum": "55f8502aa2d3238e612353584fb37585",
          "type": "projectModule"
        },
        {
          "assetId": "qARqpE4p5tZmJuNxFbTaPz",
          "checksum": "e85f809f775861484cb6f4a74fae98e9",
          "type": "styleTokensProvider"
        },
        {
          "type": "renderModule",
          "assetId": "qQJONu9yTCat",
          "checksum": "8251eff23e17bee1d44356cb8bc5d13f"
        },
        {
          "type": "cssRules",
          "assetId": "qQJONu9yTCat",
          "checksum": "8251eff23e17bee1d44356cb8bc5d13f"
        },
        {
          "type": "renderModule",
          "assetId": "bshUwgfzJczF",
          "checksum": "adf721b4e577ddc2a5d1d190d1ac275f"
        },
        {
          "type": "cssRules",
          "assetId": "bshUwgfzJczF",
          "checksum": "adf721b4e577ddc2a5d1d190d1ac275f"
        },
        {
          "type": "renderModule",
          "assetId": "8E0dazXQIYne",
          "checksum": "72be8a24762b55d8f004afd27a5c1e76"
        },
        {
          "type": "cssRules",
          "assetId": "8E0dazXQIYne",
          "checksum": "72be8a24762b55d8f004afd27a5c1e76"
        },
        {
          "type": "renderModule",
          "assetId": "M_mJLv9BDPmq",
          "checksum": "864173319f1f78e4855d629c8c05ba60"
        },
        {
          "type": "cssRules",
          "assetId": "M_mJLv9BDPmq",
          "checksum": "864173319f1f78e4855d629c8c05ba60"
        },
        {
          "type": "renderModule",
          "assetId": "2MRRFY7jUAge",
          "checksum": "32e6804773f34d41752906ca67133051"
        },
        {
          "type": "cssRules",
          "assetId": "2MRRFY7jUAge",
          "checksum": "32e6804773f34d41752906ca67133051"
        },
        {
          "type": "renderModule",
          "assetId": "LG0etpgbA-e8",
          "checksum": "b2c93d20108f7c10c2e834c0d81906ec"
        },
        {
          "type": "cssRules",
          "assetId": "LG0etpgbA-e8",
          "checksum": "b2c93d20108f7c10c2e834c0d81906ec"
        },
        {
          "type": "renderModule",
          "assetId": "7eMtZduHzknK",
          "checksum": "184a61185c6f2009d40c97c084f1248e"
        },
        {
          "type": "cssRules",
          "assetId": "7eMtZduHzknK",
          "checksum": "184a61185c6f2009d40c97c084f1248e"
        },
        {
          "type": "renderModule",
          "assetId": "inkUFaJSJuLM",
          "checksum": "21b8230d7746004475217da3508e11ca"
        },
        {
          "type": "cssRules",
          "assetId": "inkUFaJSJuLM",
          "checksum": "21b8230d7746004475217da3508e11ca"
        },
        {
          "type": "renderModule",
          "assetId": "-LTmesN9vMxo",
          "checksum": "b85c5c4e95b85f598d290938f6a03dcc"
        },
        {
          "type": "cssRules",
          "assetId": "-LTmesN9vMxo",
          "checksum": "b85c5c4e95b85f598d290938f6a03dcc"
        },
        {
          "type": "renderModule",
          "assetId": "4jWqJWAaH2_L",
          "checksum": "722f2ef91ab923909e83909929ec6a09"
        },
        {
          "type": "cssRules",
          "assetId": "4jWqJWAaH2_L",
          "checksum": "722f2ef91ab923909e83909929ec6a09"
        },
        {
          "type": "renderModule",
          "assetId": "HKDTSu47OrEH",
          "checksum": "8456e9172627ee17651afed4b5dba699"
        },
        {
          "type": "cssRules",
          "assetId": "HKDTSu47OrEH",
          "checksum": "8456e9172627ee17651afed4b5dba699"
        },
        {
          "type": "renderModule",
          "assetId": "fC_9RAtGrwae",
          "checksum": "ca240daeac3a2a688218add4fd519faa"
        },
        {
          "type": "cssRules",
          "assetId": "fC_9RAtGrwae",
          "checksum": "ca240daeac3a2a688218add4fd519faa"
        },
        {
          "type": "renderModule",
          "assetId": "PvgERH0q4dKA",
          "checksum": "797bbd2c062ee2c282c73b846a88577b"
        },
        {
          "type": "cssRules",
          "assetId": "PvgERH0q4dKA",
          "checksum": "797bbd2c062ee2c282c73b846a88577b"
        },
        {
          "type": "renderModule",
          "assetId": "QhIoYy7qJm92",
          "checksum": "b0b38cfbf6b68488e41205e4c4ff5517"
        },
        {
          "type": "cssRules",
          "assetId": "QhIoYy7qJm92",
          "checksum": "b0b38cfbf6b68488e41205e4c4ff5517"
        },
        {
          "type": "renderModule",
          "assetId": "IQ4yTzxYcpjO",
          "checksum": "6deb03f3f1634bd9d340b81e477a9d23"
        },
        {
          "type": "cssRules",
          "assetId": "IQ4yTzxYcpjO",
          "checksum": "6deb03f3f1634bd9d340b81e477a9d23"
        },
        {
          "type": "renderModule",
          "assetId": "WsiDIGYKCrx_",
          "checksum": "c5ee3b5a204696f9df5839a1597c1ff8"
        },
        {
          "type": "cssRules",
          "assetId": "WsiDIGYKCrx_",
          "checksum": "c5ee3b5a204696f9df5839a1597c1ff8"
        },
        {
          "type": "renderModule",
          "assetId": "gmLkAM4DXGYW",
          "checksum": "f8a35a4188a21e160d9bd3d4926429f2"
        },
        {
          "type": "cssRules",
          "assetId": "gmLkAM4DXGYW",
          "checksum": "f8a35a4188a21e160d9bd3d4926429f2"
        },
        {
          "type": "renderModule",
          "assetId": "lMgENIWzjnK0",
          "checksum": "8320fbe6b6dd90ecf5f735b57a3f3c58"
        },
        {
          "type": "cssRules",
          "assetId": "lMgENIWzjnK0",
          "checksum": "8320fbe6b6dd90ecf5f735b57a3f3c58"
        },
        {
          "type": "renderModule",
          "assetId": "qqmK9B2Ozci4",
          "checksum": "4e84af927a53855d8810368b54559e22"
        },
        {
          "type": "cssRules",
          "assetId": "qqmK9B2Ozci4",
          "checksum": "4e84af927a53855d8810368b54559e22"
        },
        {
          "type": "renderModule",
          "assetId": "PuCRKm4uZzqp",
          "checksum": "a463827a7fbfa13f7cc8261cc2d56c27"
        },
        {
          "type": "cssRules",
          "assetId": "PuCRKm4uZzqp",
          "checksum": "a463827a7fbfa13f7cc8261cc2d56c27"
        },
        {
          "type": "renderModule",
          "assetId": "kkj3dxAdFRmu",
          "checksum": "19872eaafb4badade6731718c34c62c1"
        },
        {
          "type": "cssRules",
          "assetId": "kkj3dxAdFRmu",
          "checksum": "19872eaafb4badade6731718c34c62c1"
        },
        {
          "type": "renderModule",
          "assetId": "OxULT4m4X2MG",
          "checksum": "62b2a6ad2ad2d9ee722a16611b81406a"
        },
        {
          "type": "cssRules",
          "assetId": "OxULT4m4X2MG",
          "checksum": "62b2a6ad2ad2d9ee722a16611b81406a"
        },
        {
          "type": "renderModule",
          "assetId": "n3Rhj-X09u8R",
          "checksum": "0a8398cbc19d94a9e63f85f59228b88c"
        },
        {
          "type": "cssRules",
          "assetId": "n3Rhj-X09u8R",
          "checksum": "0a8398cbc19d94a9e63f85f59228b88c"
        },
        {
          "type": "renderModule",
          "assetId": "Oo9r7A7X8FP7",
          "checksum": "5f63e1f3c2e25221dc6ce387a2d8bc3e"
        },
        {
          "type": "cssRules",
          "assetId": "Oo9r7A7X8FP7",
          "checksum": "5f63e1f3c2e25221dc6ce387a2d8bc3e"
        },
        {
          "type": "renderModule",
          "assetId": "Qb276Cell-HS",
          "checksum": "4721b027e87b3a4bbc0f2a9884ec8ede"
        },
        {
          "type": "cssRules",
          "assetId": "Qb276Cell-HS",
          "checksum": "4721b027e87b3a4bbc0f2a9884ec8ede"
        },
        {
          "type": "renderModule",
          "assetId": "zquQPx4LGdlm",
          "checksum": "9383091663aa10676331682005dbd527"
        },
        {
          "type": "cssRules",
          "assetId": "zquQPx4LGdlm",
          "checksum": "9383091663aa10676331682005dbd527"
        },
        {
          "type": "renderModule",
          "assetId": "lZcpk_WZHgii",
          "checksum": "0531ea6834aa8abfb77b12acaf583fae"
        },
        {
          "type": "cssRules",
          "assetId": "lZcpk_WZHgii",
          "checksum": "0531ea6834aa8abfb77b12acaf583fae"
        },
        {
          "type": "renderModule",
          "assetId": "oRIhemxW0CPo",
          "checksum": "6f299838aead09ac0722b7761d709b70"
        },
        {
          "type": "cssRules",
          "assetId": "oRIhemxW0CPo",
          "checksum": "6f299838aead09ac0722b7761d709b70"
        },
        {
          "type": "renderModule",
          "assetId": "m-UDUThzN-63",
          "checksum": "d5e030027adc240f6f164c3e6b6d5da2"
        },
        {
          "type": "cssRules",
          "assetId": "m-UDUThzN-63",
          "checksum": "d5e030027adc240f6f164c3e6b6d5da2"
        },
        {
          "type": "renderModule",
          "assetId": "NOHnZeskf8Iu",
          "checksum": "1fb8c2ba6fa8a905d6979d7e722dcc60"
        },
        {
          "type": "cssRules",
          "assetId": "NOHnZeskf8Iu",
          "checksum": "1fb8c2ba6fa8a905d6979d7e722dcc60"
        },
        {
          "type": "renderModule",
          "assetId": "z9yXgH-e4ant",
          "checksum": "c1caff66b9be68536953fb30d4453323"
        },
        {
          "type": "cssRules",
          "assetId": "z9yXgH-e4ant",
          "checksum": "c1caff66b9be68536953fb30d4453323"
        },
        {
          "type": "icon",
          "assetId": "guE5WjYYQG3J",
          "checksum": "a6525b9ac4ba49961957508e1ae485e5"
        },
        {
          "type": "icon",
          "assetId": "zUZkeJqlz5Mk",
          "checksum": "badc4d56cb322b00bb623e6da62ba9f1"
        },
        {
          "type": "icon",
          "assetId": "Rc-72xdr2bSW",
          "checksum": "4d020f129bdccc8e973480ab9552e4a6"
        },
        {
          "type": "icon",
          "assetId": "XYEdqsKT1Z5t",
          "checksum": "c672ea2783fe16924936e4c144a6c2bb"
        },
        {
          "type": "icon",
          "assetId": "8vOA1S70pHdl",
          "checksum": "a64ac6f03bfcb18215d8ae9bf0d92b64"
        },
        {
          "type": "icon",
          "assetId": "wfu5dAZKgp8n",
          "checksum": "6370a578976532940be9188b14c5d9f5"
        },
        {
          "type": "icon",
          "assetId": "THKMtpBmDYBO",
          "checksum": "76180c49e3a1cda51f964b9329206ad2"
        },
        {
          "type": "icon",
          "assetId": "pCE9_uy67t7T",
          "checksum": "4ed2529ab615bf652e85eef17822e1fd"
        },
        {
          "type": "icon",
          "assetId": "4RgfxZWAffAT",
          "checksum": "6c5c2ab4b8db7ae0a674b9ba7ba5e200"
        },
        {
          "type": "icon",
          "assetId": "cDVOBX0F9d9g",
          "checksum": "7adc4506b80db952866ba59b40d25cb3"
        },
        {
          "type": "icon",
          "assetId": "fM5bltoga8N0",
          "checksum": "ebd9f7d57b589e269f3f49abe958b110"
        },
        {
          "type": "icon",
          "assetId": "taAusar-8P7Y",
          "checksum": "4e14779fee5ec8f84d00ac4b0a9585f1"
        },
        {
          "type": "icon",
          "assetId": "ec9ETjImV7BP",
          "checksum": "1c3d5c02f5baccc905ea48a7dcf5b0ab"
        },
        {
          "type": "icon",
          "assetId": "C4Cciq7DgQq7",
          "checksum": "a6d3b54a41d4d1fef0a7548811519d46"
        },
        {
          "type": "icon",
          "assetId": "MSkuAHzkec39",
          "checksum": "77c258fa8eaba0c4eedc1bcd0adceb40"
        },
        {
          "type": "icon",
          "assetId": "TLjQehPXSyaR",
          "checksum": "53ac0d57febde808898dd96eb290f298"
        },
        {
          "type": "icon",
          "assetId": "BFmheOgAQHY6",
          "checksum": "03854bfe07ea9950813e06641840447e"
        },
        {
          "type": "icon",
          "assetId": "5xfeFMirHkH6",
          "checksum": "67dfa90d9a6f084df58b1f328133a1b3"
        },
        {
          "type": "icon",
          "assetId": "Rdo3c9b8zHVR",
          "checksum": "b35a370bdcbc2a2be08b56dba0ed2552"
        },
        {
          "type": "icon",
          "assetId": "uAXK4fWyRv8m",
          "checksum": "b7d14d8f6e7f784a88b96dd360d39576"
        },
        {
          "type": "icon",
          "assetId": "h4Q2RYIs-wbf",
          "checksum": "331c083da1cba4bc6d2025ca3b1cc5b7"
        },
        {
          "type": "image",
          "assetId": "G3oKf5Gx_Zov",
          "checksum": "8ccb1d7064bb6a51e4252ef8f59959fb"
        },
        {
          "type": "image",
          "assetId": "BVneGUcnFEET",
          "checksum": "2d244c79c6c5dce387aed5bfeba11129"
        },
        {
          "type": "image",
          "assetId": "yQwSDDe5YkmW",
          "checksum": "46302b30f6748e4eacc44fd4ea9aa19d"
        },
        {
          "type": "image",
          "assetId": "NpJ7NUxVbIfh",
          "checksum": "542c0dbf6257ab84277e16bc61d04d79"
        },
        {
          "type": "image",
          "assetId": "ZolAdNllYl-b",
          "checksum": "2e2bf20aaa83c6cec29584f4796df501"
        },
        {
          "type": "image",
          "assetId": "P35oFUmdtnAw",
          "checksum": "0ee9228fd700e740e1cf993f6352d229"
        },
        {
          "type": "image",
          "assetId": "cWOxnC5W9e0T",
          "checksum": "8ef26f851671854973bfbfe6ededac58"
        },
        {
          "type": "renderModule",
          "assetId": "Ot6T4AzLOJkl",
          "checksum": "0e31ca71e3426fb86f63fca2caab1b4f"
        },
        {
          "type": "cssRules",
          "assetId": "Ot6T4AzLOJkl",
          "checksum": "0e31ca71e3426fb86f63fca2caab1b4f"
        },
        {
          "type": "renderModule",
          "assetId": "R95SHqmqnvX5",
          "checksum": "e67383fc1a01d4cca03e09e1d0ff3e6f"
        },
        {
          "type": "cssRules",
          "assetId": "R95SHqmqnvX5",
          "checksum": "e67383fc1a01d4cca03e09e1d0ff3e6f"
        },
        {
          "type": "renderModule",
          "assetId": "1fS9mxEN0mIl",
          "checksum": "fcf923b7456e8db6de2cc2c70a618132"
        },
        {
          "type": "cssRules",
          "assetId": "1fS9mxEN0mIl",
          "checksum": "fcf923b7456e8db6de2cc2c70a618132"
        },
        {
          "type": "renderModule",
          "assetId": "JM9_woEGqy8m",
          "checksum": "4e707d3b3ac70b4e5392b6dc04194281"
        },
        {
          "type": "cssRules",
          "assetId": "JM9_woEGqy8m",
          "checksum": "4e707d3b3ac70b4e5392b6dc04194281"
        },
        {
          "type": "renderModule",
          "assetId": "Lh-Py4-EsRhC",
          "checksum": "c0a44918df2b36796c4dd150ee0f5e3e"
        },
        {
          "type": "cssRules",
          "assetId": "Lh-Py4-EsRhC",
          "checksum": "c0a44918df2b36796c4dd150ee0f5e3e"
        },
        {
          "type": "renderModule",
          "assetId": "x_nNzrKWX6O9",
          "checksum": "18c9f61feb7a49b21e2e6f268da225b2"
        },
        {
          "type": "cssRules",
          "assetId": "x_nNzrKWX6O9",
          "checksum": "18c9f61feb7a49b21e2e6f268da225b2"
        },
        {
          "type": "renderModule",
          "assetId": "K08M_vX52xMI",
          "checksum": "8c5fb32a39bd0288f1c18043e0b7d0a6"
        },
        {
          "type": "cssRules",
          "assetId": "K08M_vX52xMI",
          "checksum": "8c5fb32a39bd0288f1c18043e0b7d0a6"
        },
        {
          "type": "icon",
          "assetId": "Cy6luYsP6Jzs",
          "checksum": "e2ba0ad47711df8d25e9a8d2b7f779fa"
        },
        {
          "type": "icon",
          "assetId": "2q_FFTPL4mYA",
          "checksum": "3f69034ac09c8467707abfaf0e3560e1"
        },
        {
          "type": "icon",
          "assetId": "gxz20slK6TmF",
          "checksum": "2f07879066e4acef6b898174dc8c664c"
        },
        {
          "type": "icon",
          "assetId": "Sy9FntGzJUck",
          "checksum": "238bdc5c0db7f9d6f92a25b7eb634a72"
        },
        {
          "type": "image",
          "assetId": "nGlQXGJuDkoA",
          "checksum": "3f8c5f99069b47358277a031bc29f797"
        },
        {
          "type": "image",
          "assetId": "9179LPiYxVR3",
          "checksum": "7a372a14f28bcf6ef2e43757f1d5e2ae"
        },
        {
          "type": "image",
          "assetId": "vLIW2LYR5J-E",
          "checksum": "7d1d03452f6edac1cab105600a7c3bc8"
        },
        {
          "type": "image",
          "assetId": "Ye7DucHxd_cn",
          "checksum": "ed1f36215714814a154aac92e326050f"
        },
        {
          "type": "image",
          "assetId": "7o9SCMy-AC5r",
          "checksum": "f98f8544d5f039b5aea72b54ec07cfe0"
        },
        {
          "type": "image",
          "assetId": "Q1085GAiWrXz",
          "checksum": "4197e8049deb24f09a0e61083becacda"
        },
        {
          "type": "icon",
          "assetId": "sT28siWhYupd",
          "checksum": "1add3127a756f3ddbeadb9ef14771c38"
        },
        {
          "type": "icon",
          "assetId": "5JSOkqxEUr2H",
          "checksum": "3008f7571ae93b176c57f33e30717996"
        },
        {
          "type": "renderModule",
          "assetId": "egij6yhU3x2N",
          "checksum": "3586e7a2614a00e9bd06b4bd429065b2"
        },
        {
          "type": "cssRules",
          "assetId": "egij6yhU3x2N",
          "checksum": "3586e7a2614a00e9bd06b4bd429065b2"
        },
        {
          "type": "renderModule",
          "assetId": "4NLVwAuHCB3Q",
          "checksum": "1da5a762802dfdc5a8d883993750f048"
        },
        {
          "type": "cssRules",
          "assetId": "4NLVwAuHCB3Q",
          "checksum": "1da5a762802dfdc5a8d883993750f048"
        },
        {
          "type": "icon",
          "assetId": "hgw2XQplK13k",
          "checksum": "994555e39ef4e57262e8bf64625e3bb7"
        },
        {
          "type": "renderModule",
          "assetId": "lqR7VxT6h9YH",
          "checksum": "fbc6c87e2d3e768a4b62c91c7662441c"
        },
        {
          "type": "cssRules",
          "assetId": "lqR7VxT6h9YH",
          "checksum": "fbc6c87e2d3e768a4b62c91c7662441c"
        },
        {
          "type": "renderModule",
          "assetId": "UhSHXabmHrQP",
          "checksum": "a193ecaab2f059eeb7cba4df88ef43bd"
        },
        {
          "type": "cssRules",
          "assetId": "UhSHXabmHrQP",
          "checksum": "a193ecaab2f059eeb7cba4df88ef43bd"
        },
        {
          "type": "icon",
          "assetId": "3gzacAAjhAY4",
          "checksum": "854730c888530d4a200a948e37f257b3"
        },
        {
          "type": "icon",
          "assetId": "Zol8GIsmVO1W",
          "checksum": "49d48115ac55bbedd1fcaa72cb54b445"
        },
        {
          "type": "icon",
          "assetId": "2CSyPCl98YLt",
          "checksum": "a6e46d08a3156a1d02f78013bd69c67c"
        },
        {
          "type": "icon",
          "assetId": "tI_PZ_NW7AQQ",
          "checksum": "498ff7eef98a1f6bdc1ed72209405b57"
        },
        {
          "type": "icon",
          "assetId": "H0kX6aZGCrcz",
          "checksum": "d5ec2c4060a6b3905f83014d7f1e3937"
        },
        {
          "type": "image",
          "assetId": "h50IbwY_92Ri",
          "checksum": "62e4b72d2a546433a2b34a3e678eb50e"
        },
        {
          "type": "image",
          "assetId": "U1UHUfEL4DU4",
          "checksum": "7dabc4b8ef829d78399b7ae3e99cb56a"
        },
        {
          "type": "image",
          "assetId": "U-YgfUMSlfqC",
          "checksum": "a669cbccb361a65783c7a956423409c3"
        },
        {
          "type": "renderModule",
          "assetId": "f1blqtlMCCYK",
          "checksum": "61c33e61251ece033c7292bdbc135918"
        },
        {
          "type": "cssRules",
          "assetId": "f1blqtlMCCYK",
          "checksum": "61c33e61251ece033c7292bdbc135918"
        },
        {
          "type": "renderModule",
          "assetId": "9IHhNJeWZ_i2",
          "checksum": "ab98c0efc2d947530f69d1b53d6ea9d5"
        },
        {
          "type": "cssRules",
          "assetId": "9IHhNJeWZ_i2",
          "checksum": "ab98c0efc2d947530f69d1b53d6ea9d5"
        },
        {
          "type": "renderModule",
          "assetId": "S3l1vuCFuyGc",
          "checksum": "63415db078ac809b1721fc55cc01ad22"
        },
        {
          "type": "cssRules",
          "assetId": "S3l1vuCFuyGc",
          "checksum": "63415db078ac809b1721fc55cc01ad22"
        },
        {
          "type": "icon",
          "assetId": "2vh2eY0ukrLc",
          "checksum": "fd3dcbf5266aabe393b644934c2f841b"
        },
        {
          "type": "icon",
          "assetId": "HcCx9V8iyiy_",
          "checksum": "96c33d611bbb278aa7aa9fc22e8273c8"
        },
        {
          "type": "icon",
          "assetId": "0iSVhpgUti5-",
          "checksum": "f62966f43aeb4765d60b2c7a340841e1"
        },
        {
          "assetId": "qARqpE4p5tZmJuNxFbTaPz",
          "type": "projectCss",
          "checksum": "dd75f87d0cf1e775aeb454af0a4c5981"
        }
      ],
      "codegenVersion": "0.0.2"
    },
    {
      "projectId": "caTPwKxj5ZrD9LQ7DMdK4Z",
      "version": "3.48.0",
      "dependencies": {},
      "lang": "ts",
      "fileLocks": [
        {
          "assetId": "caTPwKxj5ZrD9LQ7DMdK4Z",
          "checksum": "efdcd613ac98718578f9c563cd75fd38",
          "type": "projectModule"
        },
        {
          "assetId": "caTPwKxj5ZrD9LQ7DMdK4Z",
          "checksum": "da63876a1ab2ffe408f66af115d28c46",
          "type": "styleTokensProvider"
        },
        {
          "assetId": "caTPwKxj5ZrD9LQ7DMdK4Z",
          "type": "projectCss",
          "checksum": "56a5d447501c0753e4cf451641894e78"
        }
      ],
      "codegenVersion": "0.0.2"
    }
  ],
  "cliVersion": "0.1.348"
}
